
Microsoft Visual Studio Solution File, Format Version 12.00
# Visual Studio Version 17
VisualStudioVersion = 17.12.35728.132 d17.12
MinimumVisualStudioVersion = 10.0.40219.1
Project("{FAE04EC0-301F-11D3-BF4B-00C04F79EFBC}") = "TicTacToetest1", "TicTacToetest1.csproj", "{A1BD0EA0-9FF6-45D2-B887-F48B3B286329}"
EndProject
Global
	GlobalSection(SolutionConfigurationPlatforms) = preSolution
		Debug|Any CPU = Debug|Any CPU
		Release|Any CPU = Release|Any CPU
	EndGlobalSection
	GlobalSection(ProjectConfigurationPlatforms) = postSolution
		{A1BD0EA0-9FF6-45D2-B887-F48B3B286329}.Debug|Any CPU.ActiveCfg = Debug|Any CPU
		{A1BD0EA0-9FF6-45D2-B887-F48B3B286329}.Debug|Any CPU.Build.0 = Debug|Any CPU
		{A1BD0EA0-9FF6-45D2-B887-F48B3B286329}.Release|Any CPU.ActiveCfg = Release|Any CPU
		{A1BD0EA0-9FF6-45D2-B887-F48B3B286329}.Release|Any CPU.Build.0 = Release|Any CPU
	EndGlobalSection
	GlobalSection(SolutionProperties) = preSolution
		HideSolutionNode = FALSE
	EndGlobalSection
EndGlobal
